
Microsoft Visual Studio Solution File, Format Version 12.00
# Visual Studio Version 17
VisualStudioVersion = 17.0.31903.59
MinimumVisualStudioVersion = 10.0.40219.1
Project("{2150E333-8FDC-42A3-9474-1A3956D46DE8}") = "src", "src", "{FADF42BD-3ECD-4556-A9B4-6CD9D5C4C59A}"
EndProject
Project("{FAE04EC0-301F-11D3-BF4B-00C04F79EFBC}") = "BlueFinance.API", "src\BlueFinance.API\BlueFinance.API.csproj", "{872C2D87-B20C-4A50-B050-9548AE2FBB40}"
EndProject
Global
	GlobalSection(SolutionConfigurationPlatforms) = preSolution
		Debug|Any CPU = Debug|Any CPU
		Release|Any CPU = Release|Any CPU
	EndGlobalSection
	GlobalSection(SolutionProperties) = preSolution
		HideSolutionNode = FALSE
	EndGlobalSection
	GlobalSection(ProjectConfigurationPlatforms) = postSolution
		{872C2D87-B20C-4A50-B050-9548AE2FBB40}.Debug|Any CPU.ActiveCfg = Debug|Any CPU
		{872C2D87-B20C-4A50-B050-9548AE2FBB40}.Debug|Any CPU.Build.0 = Debug|Any CPU
		{872C2D87-B20C-4A50-B050-9548AE2FBB40}.Release|Any CPU.ActiveCfg = Release|Any CPU
		{872C2D87-B20C-4A50-B050-9548AE2FBB40}.Release|Any CPU.Build.0 = Release|Any CPU
	EndGlobalSection
	GlobalSection(NestedProjects) = preSolution
		{872C2D87-B20C-4A50-B050-9548AE2FBB40} = {FADF42BD-3ECD-4556-A9B4-6CD9D5C4C59A}
	EndGlobalSection
EndGlobal
